
Microsoft Visual Studio Solution File, Format Version 12.00
# Visual Studio Version 17
VisualStudioVersion = 17.6.33815.320
MinimumVisualStudioVersion = 10.0.40219.1
Project("{FAE04EC0-301F-11D3-BF4B-00C04F79EFBC}") = "API", "API\API.csproj", "{E64AE579-2396-4C5E-8526-1A7EA3B4749C}"
EndProject
Project("{FAE04EC0-301F-11D3-BF4B-00C04F79EFBC}") = "DAL", "DAL\DAL.csproj", "{44628990-7A2A-451A-A6CF-1C2AB90BFC57}"
EndProject
Project("{FAE04EC0-301F-11D3-BF4B-00C04F79EFBC}") = "BLL", "BLL\BLL.csproj", "{1CA6759A-A327-46D7-B816-4E1DC76BFDA8}"
EndProject
Global
	GlobalSection(SolutionConfigurationPlatforms) = preSolution
		Debug|Any CPU = Debug|Any CPU
		Release|Any CPU = Release|Any CPU
	EndGlobalSection
	GlobalSection(ProjectConfigurationPlatforms) = postSolution
		{E64AE579-2396-4C5E-8526-1A7EA3B4749C}.Debug|Any CPU.ActiveCfg = Debug|Any CPU
		{E64AE579-2396-4C5E-8526-1A7EA3B4749C}.Debug|Any CPU.Build.0 = Debug|Any CPU
		{E64AE579-2396-4C5E-8526-1A7EA3B4749C}.Release|Any CPU.ActiveCfg = Release|Any CPU
		{E64AE579-2396-4C5E-8526-1A7EA3B4749C}.Release|Any CPU.Build.0 = Release|Any CPU
		{44628990-7A2A-451A-A6CF-1C2AB90BFC57}.Debug|Any CPU.ActiveCfg = Debug|Any CPU
		{44628990-7A2A-451A-A6CF-1C2AB90BFC57}.Debug|Any CPU.Build.0 = Debug|Any CPU
		{44628990-7A2A-451A-A6CF-1C2AB90BFC57}.Release|Any CPU.ActiveCfg = Release|Any CPU
		{44628990-7A2A-451A-A6CF-1C2AB90BFC57}.Release|Any CPU.Build.0 = Release|Any CPU
		{1CA6759A-A327-46D7-B816-4E1DC76BFDA8}.Debug|Any CPU.ActiveCfg = Debug|Any CPU
		{1CA6759A-A327-46D7-B816-4E1DC76BFDA8}.Debug|Any CPU.Build.0 = Debug|Any CPU
		{1CA6759A-A327-46D7-B816-4E1DC76BFDA8}.Release|Any CPU.ActiveCfg = Release|Any CPU
		{1CA6759A-A327-46D7-B816-4E1DC76BFDA8}.Release|Any CPU.Build.0 = Release|Any CPU
	EndGlobalSection
	GlobalSection(SolutionProperties) = preSolution
		HideSolutionNode = FALSE
	EndGlobalSection
	GlobalSection(ExtensibilityGlobals) = postSolution
		SolutionGuid = {3FA1E088-8DC3-457B-96D7-847CF9377698}
	EndGlobalSection
EndGlobal
